
Microsoft Visual Studio Solution File, Format Version 10.00
# Visual Studio 2008
Project("{8BC9CEB8-8B4A-11D0-8D11-00A0C91BC942}") = "AgeGuess", "AgeGuess\AgeGuess.vcproj", "{27A3B9CF-4940-40CA-9EFB-9D40540EC7FA}"
EndProject
Global
	GlobalSection(SolutionConfigurationPlatforms) = preSolution
		Debug|Win32 = Debug|Win32
		Release|Win32 = Release|Win32
	EndGlobalSection
	GlobalSection(ProjectConfigurationPlatforms) = postSolution
		{27A3B9CF-4940-40CA-9EFB-9D40540EC7FA}.Debug|Win32.ActiveCfg = Debug|Win32
		{27A3B9CF-4940-40CA-9EFB-9D40540EC7FA}.Debug|Win32.Build.0 = Debug|Win32
		{27A3B9CF-4940-40CA-9EFB-9D40540EC7FA}.Release|Win32.ActiveCfg = Release|Win32
		{27A3B9CF-4940-40CA-9EFB-9D40540EC7FA}.Release|Win32.Build.0 = Release|Win32
	EndGlobalSection
	GlobalSection(SolutionProperties) = preSolution
		HideSolutionNode = FALSE
	EndGlobalSection
EndGlobal
